
Microsoft Visual Studio Solution File, Format Version 12.00
# Visual Studio Version 16
VisualStudioVersion = 16.0.29424.173
MinimumVisualStudioVersion = 10.0.40219.1
Project("{FAE04EC0-301F-11D3-BF4B-00C04F79EFBC}") = "aspdotnetcoreapp", "aspdotnetcoreapp\aspdotnetcoreapp.csproj", "{27E49413-554A-4C9F-82AB-D63DC644C373}"
EndProject
Global
	GlobalSection(SolutionConfigurationPlatforms) = preSolution
		Debug|Any CPU = Debug|Any CPU
		Release|Any CPU = Release|Any CPU
	EndGlobalSection
	GlobalSection(ProjectConfigurationPlatforms) = postSolution
		{27E49413-554A-4C9F-82AB-D63DC644C373}.Debug|Any CPU.ActiveCfg = Debug|Any CPU
		{27E49413-554A-4C9F-82AB-D63DC644C373}.Debug|Any CPU.Build.0 = Debug|Any CPU
		{27E49413-554A-4C9F-82AB-D63DC644C373}.Release|Any CPU.ActiveCfg = Release|Any CPU
		{27E49413-554A-4C9F-82AB-D63DC644C373}.Release|Any CPU.Build.0 = Release|Any CPU
	EndGlobalSection
	GlobalSection(SolutionProperties) = preSolution
		HideSolutionNode = FALSE
	EndGlobalSection
	GlobalSection(ExtensibilityGlobals) = postSolution
		SolutionGuid = {D4825462-E728-46CE-A6FC-E0D044B34C7F}
	EndGlobalSection
EndGlobal
